{
  "nodes": {
    "nixpkgs": {
      "locked": {
        "lastModified": 1789006805,
        "narHash": "sha256-xB8mKMOx1IA9vTDNLmJZ6n4wCMq/cuWBBOzGCRnqxrU=",
        "owner": "NixOS",
        "repo": "nixpkgs",
        "rev": "8ce4ef6cb6f871616146b9fe26d2a5ae594e94fe",
        "type": "github"
      },
      "original": {
        "owner": "NixOS",
        "ref": "nixos-unstable",
        "repo": "nixpkgs",
        "type": "github"
      }
    },
    "nixpkgs-intel-darwin": {
      "locked": {
        "lastModified": 1789090104,
        "narHash": "sha256-aYuIOkjWlA2YvXzx9NVgwHtGZqA+J6G7Dt3wbuuGwlg=",
        "owner": "NixOS",
        "repo": "nixpkgs",
        "rev": "b378e416ccd4a9d27aba331c8f51a7c985dea1a0",
        "type": "github"
      },
      "original": {
        "owner": "NixOS",
        "ref": "nixpkgs-26.05-darwin",
        "repo": "nixpkgs",
        "type": "github"
      }
    },
    "root": {
      "inputs": {
        "nixpkgs": "nixpkgs",
        "nixpkgs-intel-darwin": "nixpkgs-intel-darwin"
      }
    }
  },
  "root": "root",
  "version": 7
}
